{
    "_meta": {
        "hash": {
            "sha256": "067a9bbe232c20ae4fd94c7447c8b12acda0289a14cdc098396658f38db8a3bc"
        },
        "pipfile-spec": 6,
        "requires": {
            "python_version": "3.11"
        },
        "sources": [
            {
                "name": "pip_conf_index_global",
                "url": "https://mirrors.aliyun.com/pypi/simple/",
                "verify_ssl": false
            }
        ]
    },
    "default": {},
    "develop": {}
}
